Microsoft Visual Studio Solution File, Format Version 12.00
# Visual Studio 15
VisualStudioVersion = 15.0.28307.572
MinimumVisualStudioVersion = 10.0.40219.1
Project("{FAE04EC0-301F-11D3-BF4B-00C04F79EFBC}") = "RemoveGridLinesExample", "RemoveGridLinesExample\RemoveGridLinesExample.csproj", "{460DC2F2-40B4-45A2-91A3-C8759BA109C3}"
EndProject
Global
	GlobalSection(SolutionConfigurationPlatforms) = preSolution
		Debug|Any CPU = Debug|Any CPU
		Release|Any CPU = Release|Any CPU
	EndGlobalSection
	GlobalSection(ProjectConfigurationPlatforms) = postSolution
		{460DC2F2-40B4-45A2-91A3-C8759BA109C3}.Debug|Any CPU.ActiveCfg = Debug|Any CPU
		{460DC2F2-40B4-45A2-91A3-C8759BA109C3}.Debug|Any CPU.Build.0 = Debug|Any CPU
		{460DC2F2-40B4-45A2-91A3-C8759BA109C3}.Release|Any CPU.ActiveCfg = Release|Any CPU
		{460DC2F2-40B4-45A2-91A3-C8759BA109C3}.Release|Any CPU.Build.0 = Release|Any CPU
	EndGlobalSection
	GlobalSection(SolutionProperties) = preSolution
		HideSolutionNode = FALSE
	EndGlobalSection
	GlobalSection(ExtensibilityGlobals) = postSolution
		SolutionGuid = {6C5C35BB-FBDE-4DE2-94DE-EFF2C783490C}
	EndGlobalSection
EndGlobal
